
Microsoft Visual Studio Solution File, Format Version 12.00
# Visual Studio Version 16
VisualStudioVersion = 16.0.29102.190
MinimumVisualStudioVersion = 10.0.40219.1
Project("{8BC9CEB8-8B4A-11D0-8D11-00A0C91BC942}") = "Gocaine-EmuWoW", "Gocaine-EmuWoW.vcxproj", "{ADA26F7E-5D47-413D-B9A7-9EF345DAD42A}"
EndProject
Global
	GlobalSection(SolutionConfigurationPlatforms) = preSolution
		Debug|x64 = Debug|x64
		Debug|x86 = Debug|x86
		Release|x64 = Release|x64
		Release|x86 = Release|x86
	EndGlobalSection
	GlobalSection(ProjectConfigurationPlatforms) = postSolution
		{ADA26F7E-5D47-413D-B9A7-9EF345DAD42A}.Debug|x64.ActiveCfg = Debug|x64
		{ADA26F7E-5D47-413D-B9A7-9EF345DAD42A}.Debug|x64.Build.0 = Debug|x64
		{ADA26F7E-5D47-413D-B9A7-9EF345DAD42A}.Debug|x86.ActiveCfg = Debug|Win32
		{ADA26F7E-5D47-413D-B9A7-9EF345DAD42A}.Debug|x86.Build.0 = Debug|Win32
		{ADA26F7E-5D47-413D-B9A7-9EF345DAD42A}.Release|x64.ActiveCfg = Release|x64
		{ADA26F7E-5D47-413D-B9A7-9EF345DAD42A}.Release|x64.Build.0 = Release|x64
		{ADA26F7E-5D47-413D-B9A7-9EF345DAD42A}.Release|x86.ActiveCfg = Release|Win32
		{ADA26F7E-5D47-413D-B9A7-9EF345DAD42A}.Release|x86.Build.0 = Release|Win32
	EndGlobalSection
	GlobalSection(SolutionProperties) = preSolution
		HideSolutionNode = FALSE
	EndGlobalSection
	GlobalSection(ExtensibilityGlobals) = postSolution
		SolutionGuid = {152E6A37-F6B3-4E99-BF23-AC6B13EBB3A9}
	EndGlobalSection
EndGlobal
